
Microsoft Visual Studio Solution File, Format Version 12.00
# Visual Studio Version 17
VisualStudioVersion = 17.5.33516.290
MinimumVisualStudioVersion = 10.0.40219.1
Project("{FAE04EC0-301F-11D3-BF4B-00C04F79EFBC}") = "HNGStageOne", "HNGStageOne\HNGStageOne.csproj", "{9E8CD131-40CD-4B82-B453-A9F04939BEEB}"
EndProject
Global
	GlobalSection(SolutionConfigurationPlatforms) = preSolution
		Debug|Any CPU = Debug|Any CPU
		Release|Any CPU = Release|Any CPU
	EndGlobalSection
	GlobalSection(ProjectConfigurationPlatforms) = postSolution
		{9E8CD131-40CD-4B82-B453-A9F04939BEEB}.Debug|Any CPU.ActiveCfg = Debug|Any CPU
		{9E8CD131-40CD-4B82-B453-A9F04939BEEB}.Debug|Any CPU.Build.0 = Debug|Any CPU
		{9E8CD131-40CD-4B82-B453-A9F04939BEEB}.Release|Any CPU.ActiveCfg = Release|Any CPU
		{9E8CD131-40CD-4B82-B453-A9F04939BEEB}.Release|Any CPU.Build.0 = Release|Any CPU
	EndGlobalSection
	GlobalSection(SolutionProperties) = preSolution
		HideSolutionNode = FALSE
	EndGlobalSection
	GlobalSection(ExtensibilityGlobals) = postSolution
		SolutionGuid = {EEA1D1E5-FC6D-4F21-9722-84D5DFBBC8D1}
	EndGlobalSection
EndGlobal
